
Microsoft Visual Studio Solution File, Format Version 12.00
# Visual Studio 15
Project("{FAE04EC0-301F-11D3-BF4B-00C04F79EFBC}") = "Assembly-CSharp", "Assembly-CSharp.csproj", "{C7570DD1-9CC0-01AD-C249-F6D344B0742C}"
EndProject
Project("{FAE04EC0-301F-11D3-BF4B-00C04F79EFBC}") = "NavMeshComponents", "NavMeshComponents.csproj", "{51C181E4-0B32-F2EB-933B-C580CA13A196}"
EndProject
Project("{FAE04EC0-301F-11D3-BF4B-00C04F79EFBC}") = "NavMeshComponentsEditor", "NavMeshComponentsEditor.csproj", "{3DF4E61B-B4DA-046F-E310-6D89A1C760EC}"
EndProject
Project("{FAE04EC0-301F-11D3-BF4B-00C04F79EFBC}") = "Assembly-CSharp-Editor", "Assembly-CSharp-Editor.csproj", "{FF88F4E3-76F0-C9E8-B748-2B1A8D5CEC14}"
EndProject
Global
	GlobalSection(SolutionConfigurationPlatforms) = preSolution
		Debug|Any CPU = Debug|Any CPU
		Release|Any CPU = Release|Any CPU
	EndGlobalSection
	GlobalSection(ProjectConfigurationPlatforms) = postSolution
		{C7570DD1-9CC0-01AD-C249-F6D344B0742C}.Debug|Any CPU.ActiveCfg = Debug|Any CPU
		{C7570DD1-9CC0-01AD-C249-F6D344B0742C}.Debug|Any CPU.Build.0 = Debug|Any CPU
		{C7570DD1-9CC0-01AD-C249-F6D344B0742C}.Release|Any CPU.ActiveCfg = Release|Any CPU
		{C7570DD1-9CC0-01AD-C249-F6D344B0742C}.Release|Any CPU.Build.0 = Release|Any CPU
		{51C181E4-0B32-F2EB-933B-C580CA13A196}.Debug|Any CPU.ActiveCfg = Debug|Any CPU
		{51C181E4-0B32-F2EB-933B-C580CA13A196}.Debug|Any CPU.Build.0 = Debug|Any CPU
		{51C181E4-0B32-F2EB-933B-C580CA13A196}.Release|Any CPU.ActiveCfg = Release|Any CPU
		{51C181E4-0B32-F2EB-933B-C580CA13A196}.Release|Any CPU.Build.0 = Release|Any CPU
		{3DF4E61B-B4DA-046F-E310-6D89A1C760EC}.Debug|Any CPU.ActiveCfg = Debug|Any CPU
		{3DF4E61B-B4DA-046F-E310-6D89A1C760EC}.Debug|Any CPU.Build.0 = Debug|Any CPU
		{3DF4E61B-B4DA-046F-E310-6D89A1C760EC}.Release|Any CPU.ActiveCfg = Release|Any CPU
		{3DF4E61B-B4DA-046F-E310-6D89A1C760EC}.Release|Any CPU.Build.0 = Release|Any CPU
		{FF88F4E3-76F0-C9E8-B748-2B1A8D5CEC14}.Debug|Any CPU.ActiveCfg = Debug|Any CPU
		{FF88F4E3-76F0-C9E8-B748-2B1A8D5CEC14}.Debug|Any CPU.Build.0 = Debug|Any CPU
		{FF88F4E3-76F0-C9E8-B748-2B1A8D5CEC14}.Release|Any CPU.ActiveCfg = Release|Any CPU
		{FF88F4E3-76F0-C9E8-B748-2B1A8D5CEC14}.Release|Any CPU.Build.0 = Release|Any CPU
	EndGlobalSection
	GlobalSection(SolutionProperties) = preSolution
		HideSolutionNode = FALSE
	EndGlobalSection
EndGlobal
